
Microsoft Visual Studio Solution File, Format Version 12.00
# Visual Studio Version 17
VisualStudioVersion = 17.0.31314.256
MinimumVisualStudioVersion = 10.0.40219.1
Project("{2150E333-8FDC-42A3-9474-1A3956D46DE8}") = "Automation", "Automation", "{0BFBE63A-B98A-3411-8EEB-8918FEC737B3}"
EndProject
Project("{2150E333-8FDC-42A3-9474-1A3956D46DE8}") = "Engine", "Engine", "{233774A8-CC9D-3FA9-86D1-90573E92B704}"
EndProject
Project("{2150E333-8FDC-42A3-9474-1A3956D46DE8}") = "Games", "Games", "{DE1F8B53-6C02-3C13-9101-A7C8D96F3FF6}"
EndProject
Project("{2150E333-8FDC-42A3-9474-1A3956D46DE8}") = "Programs", "Programs", "{A338B9E2-A559-34BE-A46D-F789DD488FAD}"
EndProject
Project("{2150E333-8FDC-42A3-9474-1A3956D46DE8}") = "Rules", "Rules", "{C2F57ECE-B26F-39D8-BDA7-C1D40BD8F180}"
EndProject
Project("{2150E333-8FDC-42A3-9474-1A3956D46DE8}") = "Shared", "Shared", "{57713676-9DBE-331C-AD10-26632AC9EE0C}"
EndProject
Project("{2150E333-8FDC-42A3-9474-1A3956D46DE8}") = "UnrealBuildTool.Plugins", "UnrealBuildTool.Plugins", "{7B5CFB44-F0FB-31DF-AE62-C3C096A29A7B}"
EndProject
Project("{8BC9CEB8-8B4A-11D0-8D11-00A0C91BC942}") = "Redruins_TT_2024", "Intermediate\ProjectFiles\Redruins_TT_2024.vcxproj", "{F954B32D-81E0-3D8B-A02A-29E2BB57DC53}"
	ProjectSection(ProjectDependencies) = postProject
		{D7C6AF4A-A6F4-3795-B18A-174E55035588} = {D7C6AF4A-A6F4-3795-B18A-174E55035588}
	EndProjectSection
EndProject
Project("{8BC9CEB8-8B4A-11D0-8D11-00A0C91BC942}") = "UE5", "Intermediate\ProjectFiles\UE5.vcxproj", "{A8DBFA92-71AC-3B46-A253-10D196F7A2DE}"
EndProject
Project("{FAE04EC0-301F-11D3-BF4B-00C04F79EFBC}") = "UnrealBuildTool", "Z:\UE_5.3\Engine\Source\Programs\UnrealBuildTool\UnrealBuildTool.csproj", "{D7C6AF4A-A6F4-3795-B18A-174E55035588}"
EndProject
Project("{FAE04EC0-301F-11D3-BF4B-00C04F79EFBC}") = "AutomationTool", "Z:\UE_5.3\Engine\Source\Programs\AutomationTool\AutomationTool.csproj", "{EA62828C-E3A3-3535-892D-96D8DABB9BDD}"
EndProject
Project("{FAE04EC0-301F-11D3-BF4B-00C04F79EFBC}") = "Android.Automation", "Z:\UE_5.3\Engine\Source\Programs\AutomationTool\Android\Android.Automation.csproj", "{DC67522A-1755-3F56-83FB-BBE46DF7E932}"
EndProject
Project("{FAE04EC0-301F-11D3-BF4B-00C04F79EFBC}") = "Apple.Automation", "Z:\UE_5.3\Engine\Source\Programs\AutomationTool\Apple\Apple.Automation.csproj", "{138AA80E-2D28-3D4A-A5F0-D731C9A2529C}"
EndProject
Project("{FAE04EC0-301F-11D3-BF4B-00C04F79EFBC}") = "AutomationUtils.Automation", "Z:\UE_5.3\Engine\Source\Programs\AutomationTool\AutomationUtils\AutomationUtils.Automation.csproj", "{46909BE1-1BF7-3367-BCCB-25A08BB29B7C}"
EndProject
Project("{FAE04EC0-301F-11D3-BF4B-00C04F79EFBC}") = "BuildGraph.Automation", "Z:\UE_5.3\Engine\Source\Programs\AutomationTool\BuildGraph\BuildGraph.Automation.csproj", "{9E8DA7DF-84F0-341B-AE4E-3A004C448488}"
EndProject
Project("{FAE04EC0-301F-11D3-BF4B-00C04F79EFBC}") = "CookedEditor.Automation", "Z:\UE_5.3\Engine\Source\Programs\AutomationTool\CookedEditor\CookedEditor.Automation.csproj", "{5E8A2716-DC4A-38A4-A4D3-6256FC68AF73}"
EndProject
Project("{FAE04EC0-301F-11D3-BF4B-00C04F79EFBC}") = "CrowdinLocalization.Automation", "Z:\UE_5.3\Engine\Source\Programs\AutomationTool\CrowdinLocalization\CrowdinLocalization.Automation.csproj", "{F4F415CC-D2C0-3B69-AE81-E823A8A9B602}"
EndProject
Project("{FAE04EC0-301F-11D3-BF4B-00C04F79EFBC}") = "Gauntlet.Automation", "Z:\UE_5.3\Engine\Source\Programs\AutomationTool\Gauntlet\Gauntlet.Automation.csproj", "{4828EA86-54F4-333D-B83A-36D2D9E9EBD6}"
EndProject
Project("{FAE04EC0-301F-11D3-BF4B-00C04F79EFBC}") = "IOS.Automation", "Z:\UE_5.3\Engine\Source\Programs\AutomationTool\IOS\IOS.Automation.csproj", "{2F8B369D-AAB0-3803-A9A1-950BB81B6793}"
EndProject
Project("{FAE04EC0-301F-11D3-BF4B-00C04F79EFBC}") = "Linux.Automation", "Z:\UE_5.3\Engine\Source\Programs\AutomationTool\Linux\Linux.Automation.csproj", "{4A59297C-BF0C-3B8F-98BC-5FE1C2E67BE1}"
EndProject
Project("{FAE04EC0-301F-11D3-BF4B-00C04F79EFBC}") = "Localization.Automation", "Z:\UE_5.3\Engine\Source\Programs\AutomationTool\Localization\Localization.Automation.csproj", "{52C551E0-8A30-3569-AF50-DC2A3F3FBB8E}"
EndProject
Project("{FAE04EC0-301F-11D3-BF4B-00C04F79EFBC}") = "LowLevelTests.Automation", "Z:\UE_5.3\Engine\Source\Programs\AutomationTool\LowLevelTests\LowLevelTests.Automation.csproj", "{6DF73038-05ED-3D49-ACED-0800479BA51B}"
EndProject
Project("{FAE04EC0-301F-11D3-BF4B-00C04F79EFBC}") = "Mac.Automation", "Z:\UE_5.3\Engine\Source\Programs\AutomationTool\Mac\Mac.Automation.csproj", "{53F063B2-3E09-376E-8303-B93B267B93C3}"
EndProject
Project("{FAE04EC0-301F-11D3-BF4B-00C04F79EFBC}") = "OneSkyLocalization.Automation", "Z:\UE_5.3\Engine\Source\Programs\AutomationTool\OneSkyLocalization\OneSkyLocalization.Automation.csproj", "{4802BB12-B530-313B-A466-5BB7C03F028D}"
EndProject
Project("{FAE04EC0-301F-11D3-BF4B-00C04F79EFBC}") = "AutomationScripts.Automation", "Z:\UE_5.3\Engine\Source\Programs\AutomationTool\Scripts\AutomationScripts.Automation.csproj", "{39C070E0-AB0C-3A46-82AA-38CDF1BD9364}"
EndProject
Project("{FAE04EC0-301F-11D3-BF4B-00C04F79EFBC}") = "SmartlingLocalization.Automation", "Z:\UE_5.3\Engine\Source\Programs\AutomationTool\SmartlingLocalization\SmartlingLocalization.Automation.csproj", "{BEB0882D-E8ED-38A5-9FD1-43747AD3ED0D}"
EndProject
Project("{FAE04EC0-301F-11D3-BF4B-00C04F79EFBC}") = "SteamDeck.Automation", "Z:\UE_5.3\Engine\Source\Programs\AutomationTool\SteamDeck\SteamDeck.Automation.csproj", "{EB467226-822C-3071-A89C-62F26375DDFA}"
EndProject
Project("{FAE04EC0-301F-11D3-BF4B-00C04F79EFBC}") = "TVOS.Automation", "Z:\UE_5.3\Engine\Source\Programs\AutomationTool\TVOS\TVOS.Automation.csproj", "{17AF3425-CB5B-3401-96F6-CC11D9936006}"
EndProject
Project("{FAE04EC0-301F-11D3-BF4B-00C04F79EFBC}") = "Turnkey.Automation", "Z:\UE_5.3\Engine\Source\Programs\AutomationTool\Turnkey\Turnkey.Automation.csproj", "{2D0219CA-0E87-3A32-A419-5004831B0934}"
EndProject
Project("{FAE04EC0-301F-11D3-BF4B-00C04F79EFBC}") = "Win.Automation", "Z:\UE_5.3\Engine\Source\Programs\AutomationTool\Win\Win.Automation.csproj", "{BAD6C4C4-8C82-37E3-B158-52FBD5D90268}"
EndProject
Project("{FAE04EC0-301F-11D3-BF4B-00C04F79EFBC}") = "XLocLocalization.Automation", "Z:\UE_5.3\Engine\Source\Programs\AutomationTool\XLocLocalization\XLocLocalization.Automation.csproj", "{2C8C689A-094C-3200-B7C2-F49B4CF3DE3E}"
EndProject
Project("{FAE04EC0-301F-11D3-BF4B-00C04F79EFBC}") = "ScriptGeneratorUbtPlugin.ubtplugin", "Z:\UE_5.3\Engine\Plugins\ScriptPlugin\Source\ScriptGeneratorUbtPlugin\ScriptGeneratorUbtPlugin.ubtplugin.csproj", "{4DBE43F9-B5ED-3787-8373-4C1E948A8D72}"
EndProject
Project("{FAE04EC0-301F-11D3-BF4B-00C04F79EFBC}") = "EpicGames.AspNet", "Z:\UE_5.3\Engine\Source\Programs\Shared\EpicGames.AspNet\EpicGames.AspNet.csproj", "{A8B45447-A0DE-31A5-9445-5487FFC5EC86}"
EndProject
Project("{FAE04EC0-301F-11D3-BF4B-00C04F79EFBC}") = "EpicGames.Box", "Z:\UE_5.3\Engine\Source\Programs\Shared\EpicGames.Box\EpicGames.Box.csproj", "{C3AC050D-58BB-3AD5-AD4F-25E73A291D55}"
EndProject
Project("{FAE04EC0-301F-11D3-BF4B-00C04F79EFBC}") = "EpicGames.Build", "Z:\UE_5.3\Engine\Source\Programs\Shared\EpicGames.Build\EpicGames.Build.csproj", "{F469E83F-C9E9-3EDD-9728-FC0DD0649BB4}"
EndProject
Project("{FAE04EC0-301F-11D3-BF4B-00C04F79EFBC}") = "EpicGames.BuildGraph", "Z:\UE_5.3\Engine\Source\Programs\Shared\EpicGames.BuildGraph\EpicGames.BuildGraph.csproj", "{67DCA8BA-9BF9-3A3E-8B74-8FBAA1F08101}"
EndProject
Project("{FAE04EC0-301F-11D3-BF4B-00C04F79EFBC}") = "EpicGames.Core", "Z:\UE_5.3\Engine\Source\Programs\Shared\EpicGames.Core\EpicGames.Core.csproj", "{6D8CC547-6A25-3EC4-B204-FA465CE524B7}"
EndProject
Project("{FAE04EC0-301F-11D3-BF4B-00C04F79EFBC}") = "EpicGames.Horde", "Z:\UE_5.3\Engine\Source\Programs\Shared\EpicGames.Horde\EpicGames.Horde.csproj", "{369E94D1-BBA8-32A2-9AAC-85AC6A84A450}"
EndProject
Project("{FAE04EC0-301F-11D3-BF4B-00C04F79EFBC}") = "EpicGames.IoHash", "Z:\UE_5.3\Engine\Source\Programs\Shared\EpicGames.IoHash\EpicGames.IoHash.csproj", "{E91134CC-286F-3726-AE8B-169B7DE695A7}"
EndProject
Project("{FAE04EC0-301F-11D3-BF4B-00C04F79EFBC}") = "EpicGames.Jupiter", "Z:\UE_5.3\Engine\Source\Programs\Shared\EpicGames.Jupiter\EpicGames.Jupiter.csproj", "{6C1B1F5B-A6D7-388C-BC10-C6A7DDACE317}"
EndProject
Project("{FAE04EC0-301F-11D3-BF4B-00C04F79EFBC}") = "EpicGames.MongoDB", "Z:\UE_5.3\Engine\Source\Programs\Shared\EpicGames.MongoDB\EpicGames.MongoDB.csproj", "{BD686C42-9D57-30AC-9735-DFCA2F29134F}"
EndProject
Project("{FAE04EC0-301F-11D3-BF4B-00C04F79EFBC}") = "EpicGames.MsBuild", "Z:\UE_5.3\Engine\Source\Programs\Shared\EpicGames.MsBuild\EpicGames.MsBuild.csproj", "{6C620421-5B90-39E4-9F6F-BD02577F3245}"
EndProject
Project("{FAE04EC0-301F-11D3-BF4B-00C04F79EFBC}") = "EpicGames.OIDC", "Z:\UE_5.3\Engine\Source\Programs\Shared\EpicGames.OIDC\EpicGames.OIDC.csproj", "{3AF2E620-E3F1-3726-B064-3C667A83912D}"
EndProject
Project("{FAE04EC0-301F-11D3-BF4B-00C04F79EFBC}") = "EpicGames.Oodle", "Z:\UE_5.3\Engine\Source\Programs\Shared\EpicGames.Oodle\EpicGames.Oodle.csproj", "{B0D07DDC-3286-3A0E-A57C-0FD1073F17E4}"
EndProject
Project("{FAE04EC0-301F-11D3-BF4B-00C04F79EFBC}") = "EpicGames.Perforce", "Z:\UE_5.3\Engine\Source\Programs\Shared\EpicGames.Perforce\EpicGames.Perforce.csproj", "{CB863DFB-FC2C-3C4E-B03A-26BE5DBD0333}"
EndProject
Project("{FAE04EC0-301F-11D3-BF4B-00C04F79EFBC}") = "EpicGames.Perforce.Fixture", "Z:\UE_5.3\Engine\Source\Programs\Shared\EpicGames.Perforce.Fixture\EpicGames.Perforce.Fixture.csproj", "{676BB582-F7C9-3CD2-80F6-9B047FA66D5F}"
EndProject
Project("{FAE04EC0-301F-11D3-BF4B-00C04F79EFBC}") = "EpicGames.Perforce.Managed", "Z:\UE_5.3\Engine\Source\Programs\Shared\EpicGames.Perforce.Managed\EpicGames.Perforce.Managed.csproj", "{10402A0E-C95D-3C41-9853-A7C81201FBF1}"
EndProject
Project("{FAE04EC0-301F-11D3-BF4B-00C04F79EFBC}") = "EpicGames.Redis", "Z:\UE_5.3\Engine\Source\Programs\Shared\EpicGames.Redis\EpicGames.Redis.csproj", "{C9F7CBC4-9806-3D4A-97E0-2ABB5B29097D}"
EndProject
Project("{FAE04EC0-301F-11D3-BF4B-00C04F79EFBC}") = "EpicGames.Serialization", "Z:\UE_5.3\Engine\Source\Programs\Shared\EpicGames.Serialization\EpicGames.Serialization.csproj", "{286519D4-137B-37D9-B6DE-556026C4511B}"
EndProject
Project("{FAE04EC0-301F-11D3-BF4B-00C04F79EFBC}") = "EpicGames.Slack", "Z:\UE_5.3\Engine\Source\Programs\Shared\EpicGames.Slack\EpicGames.Slack.csproj", "{214D6E50-D113-3CD7-8A64-FB52BEE357C4}"
EndProject
Project("{FAE04EC0-301F-11D3-BF4B-00C04F79EFBC}") = "EpicGames.Tracing", "Z:\UE_5.3\Engine\Source\Programs\Shared\EpicGames.Tracing\EpicGames.Tracing.csproj", "{219C978B-630F-3AD1-8E4B-3A481C187577}"
EndProject
Project("{FAE04EC0-301F-11D3-BF4B-00C04F79EFBC}") = "EpicGames.UHT", "Z:\UE_5.3\Engine\Source\Programs\Shared\EpicGames.UHT\EpicGames.UHT.csproj", "{60410AA4-6424-3BA0-9F69-6CBA51B247AE}"
EndProject
Project("{FAE04EC0-301F-11D3-BF4B-00C04F79EFBC}") = "Redruins_TT_2024ModuleRules", "Intermediate\Build\BuildRulesProjects\Redruins_TT_2024ModuleRules\Redruins_TT_2024ModuleRules.csproj", "{B8C5F176-EEE7-3053-BA64-254BEED8EE38}"
EndProject
Project("{FAE04EC0-301F-11D3-BF4B-00C04F79EFBC}") = "MarketplaceRules", "Z:\UE_5.3\Engine\Intermediate\Build\BuildRulesProjects\MarketplaceRules\MarketplaceRules.csproj", "{90DCDBBD-1B71-3A6C-B3A6-248636B421E8}"
EndProject
Project("{FAE04EC0-301F-11D3-BF4B-00C04F79EFBC}") = "UE5ProgramRules", "Z:\UE_5.3\Engine\Intermediate\Build\BuildRulesProjects\UE5ProgramRules\UE5ProgramRules.csproj", "{8E987967-F3D5-3516-BAE8-6C1F6E75F550}"
EndProject
Project("{FAE04EC0-301F-11D3-BF4B-00C04F79EFBC}") = "UE5Rules", "Z:\UE_5.3\Engine\Intermediate\Build\BuildRulesProjects\UE5Rules\UE5Rules.csproj", "{76863BA6-1046-323C-859B-4565BE0AABC1}"
EndProject
Project("{2150E333-8FDC-42A3-9474-1A3956D46DE8}") = "Visualizers", "Visualizers", "{1CCEC849-CC72-4C59-8C36-2F7C38706D4C}"
	ProjectSection(SolutionItems) = preProject
		Z:\UE_5.3\Engine\Extras\VisualStudioDebugging\Unreal.natvis = Z:\UE_5.3\Engine\Extras\VisualStudioDebugging\Unreal.natvis
		Z:\UE_5.3\Engine\Extras\VisualStudioDebugging\Unreal.natstepfilter = Z:\UE_5.3\Engine\Extras\VisualStudioDebugging\Unreal.natstepfilter
	EndProjectSection
EndProject
Global
	GlobalSection(SolutionConfigurationPlatforms) = preSolution
		DebugGame Editor|Win64 = DebugGame Editor|Win64
		DebugGame|Win64 = DebugGame|Win64
		Development Editor|Win64 = Development Editor|Win64
		Development|Win64 = Development|Win64
		Shipping|Win64 = Shipping|Win64
	EndGlobalSection
	# UnrealVS Section
	GlobalSection(ddbf523f-7eb6-4887-bd51-85a714ff87eb) = preSolution
		AvailablePlatforms=Win64
	EndGlobalSection
	GlobalSection(ProjectConfigurationPlatforms) = postSolution
		{F954B32D-81E0-3D8B-A02A-29E2BB57DC53}.DebugGame Editor|Win64.ActiveCfg = DebugGame_Editor|x64
		{F954B32D-81E0-3D8B-A02A-29E2BB57DC53}.DebugGame Editor|Win64.Build.0 = DebugGame_Editor|x64
		{F954B32D-81E0-3D8B-A02A-29E2BB57DC53}.DebugGame|Win64.ActiveCfg = DebugGame|x64
		{F954B32D-81E0-3D8B-A02A-29E2BB57DC53}.DebugGame|Win64.Build.0 = DebugGame|x64
		{F954B32D-81E0-3D8B-A02A-29E2BB57DC53}.Development Editor|Win64.ActiveCfg = Development_Editor|x64
		{F954B32D-81E0-3D8B-A02A-29E2BB57DC53}.Development Editor|Win64.Build.0 = Development_Editor|x64
		{F954B32D-81E0-3D8B-A02A-29E2BB57DC53}.Development|Win64.ActiveCfg = Development|x64
		{F954B32D-81E0-3D8B-A02A-29E2BB57DC53}.Development|Win64.Build.0 = Development|x64
		{F954B32D-81E0-3D8B-A02A-29E2BB57DC53}.Shipping|Win64.ActiveCfg = Shipping|x64
		{F954B32D-81E0-3D8B-A02A-29E2BB57DC53}.Shipping|Win64.Build.0 = Shipping|x64
		{A8DBFA92-71AC-3B46-A253-10D196F7A2DE}.DebugGame Editor|Win64.ActiveCfg = BuiltWithUnrealBuildTool|Win64
		{A8DBFA92-71AC-3B46-A253-10D196F7A2DE}.DebugGame|Win64.ActiveCfg = BuiltWithUnrealBuildTool|Win64
		{A8DBFA92-71AC-3B46-A253-10D196F7A2DE}.Development Editor|Win64.ActiveCfg = BuiltWithUnrealBuildTool|Win64
		{A8DBFA92-71AC-3B46-A253-10D196F7A2DE}.Development|Win64.ActiveCfg = BuiltWithUnrealBuildTool|Win64
		{A8DBFA92-71AC-3B46-A253-10D196F7A2DE}.Shipping|Win64.ActiveCfg = BuiltWithUnrealBuildTool|Win64
		{D7C6AF4A-A6F4-3795-B18A-174E55035588}.DebugGame Editor|Win64.ActiveCfg = Development|Any CPU
		{D7C6AF4A-A6F4-3795-B18A-174E55035588}.DebugGame Editor|Win64.Build.0 = Development|Any CPU
		{D7C6AF4A-A6F4-3795-B18A-174E55035588}.DebugGame|Win64.ActiveCfg = Development|Any CPU
		{D7C6AF4A-A6F4-3795-B18A-174E55035588}.DebugGame|Win64.Build.0 = Development|Any CPU
		{D7C6AF4A-A6F4-3795-B18A-174E55035588}.Development Editor|Win64.ActiveCfg = Development|Any CPU
		{D7C6AF4A-A6F4-3795-B18A-174E55035588}.Development Editor|Win64.Build.0 = Development|Any CPU
		{D7C6AF4A-A6F4-3795-B18A-174E55035588}.Development|Win64.ActiveCfg = Development|Any CPU
		{D7C6AF4A-A6F4-3795-B18A-174E55035588}.Development|Win64.Build.0 = Development|Any CPU
		{D7C6AF4A-A6F4-3795-B18A-174E55035588}.Shipping|Win64.ActiveCfg = Development|Any CPU
		{D7C6AF4A-A6F4-3795-B18A-174E55035588}.Shipping|Win64.Build.0 = Development|Any CPU
		{EA62828C-E3A3-3535-892D-96D8DABB9BDD}.DebugGame Editor|Win64.ActiveCfg = Development|Any CPU
		{EA62828C-E3A3-3535-892D-96D8DABB9BDD}.DebugGame Editor|Win64.Build.0 = Development|Any CPU
		{EA62828C-E3A3-3535-892D-96D8DABB9BDD}.DebugGame|Win64.ActiveCfg = Development|Any CPU
		{EA62828C-E3A3-3535-892D-96D8DABB9BDD}.DebugGame|Win64.Build.0 = Development|Any CPU
		{EA62828C-E3A3-3535-892D-96D8DABB9BDD}.Development Editor|Win64.ActiveCfg = Development|Any CPU
		{EA62828C-E3A3-3535-892D-96D8DABB9BDD}.Development Editor|Win64.Build.0 = Development|Any CPU
		{EA62828C-E3A3-3535-892D-96D8DABB9BDD}.Development|Win64.ActiveCfg = Development|Any CPU
		{EA62828C-E3A3-3535-892D-96D8DABB9BDD}.Development|Win64.Build.0 = Development|Any CPU
		{EA62828C-E3A3-3535-892D-96D8DABB9BDD}.Shipping|Win64.ActiveCfg = Development|Any CPU
		{EA62828C-E3A3-3535-892D-96D8DABB9BDD}.Shipping|Win64.Build.0 = Development|Any CPU
		{DC67522A-1755-3F56-83FB-BBE46DF7E932}.DebugGame Editor|Win64.ActiveCfg = Development|Any CPU
		{DC67522A-1755-3F56-83FB-BBE46DF7E932}.DebugGame Editor|Win64.Build.0 = Development|Any CPU
		{DC67522A-1755-3F56-83FB-BBE46DF7E932}.DebugGame|Win64.ActiveCfg = Development|Any CPU
		{DC67522A-1755-3F56-83FB-BBE46DF7E932}.DebugGame|Win64.Build.0 = Development|Any CPU
		{DC67522A-1755-3F56-83FB-BBE46DF7E932}.Development Editor|Win64.ActiveCfg = Development|Any CPU
		{DC67522A-1755-3F56-83FB-BBE46DF7E932}.Development Editor|Win64.Build.0 = Development|Any CPU
		{DC67522A-1755-3F56-83FB-BBE46DF7E932}.Development|Win64.ActiveCfg = Development|Any CPU
		{DC67522A-1755-3F56-83FB-BBE46DF7E932}.Development|Win64.Build.0 = Development|Any CPU
		{DC67522A-1755-3F56-83FB-BBE46DF7E932}.Shipping|Win64.ActiveCfg = Development|Any CPU
		{DC67522A-1755-3F56-83FB-BBE46DF7E932}.Shipping|Win64.Build.0 = Development|Any CPU
		{138AA80E-2D28-3D4A-A5F0-D731C9A2529C}.DebugGame Editor|Win64.ActiveCfg = Development|Any CPU
		{138AA80E-2D28-3D4A-A5F0-D731C9A2529C}.DebugGame Editor|Win64.Build.0 = Development|Any CPU
		{138AA80E-2D28-3D4A-A5F0-D731C9A2529C}.DebugGame|Win64.ActiveCfg = Development|Any CPU
		{138AA80E-2D28-3D4A-A5F0-D731C9A2529C}.DebugGame|Win64.Build.0 = Development|Any CPU
		{138AA80E-2D28-3D4A-A5F0-D731C9A2529C}.Development Editor|Win64.ActiveCfg = Development|Any CPU
		{138AA80E-2D28-3D4A-A5F0-D731C9A2529C}.Development Editor|Win64.Build.0 = Development|Any CPU
		{138AA80E-2D28-3D4A-A5F0-D731C9A2529C}.Development|Win64.ActiveCfg = Development|Any CPU
		{138AA80E-2D28-3D4A-A5F0-D731C9A2529C}.Development|Win64.Build.0 = Development|Any CPU
		{138AA80E-2D28-3D4A-A5F0-D731C9A2529C}.Shipping|Win64.ActiveCfg = Development|Any CPU
		{138AA80E-2D28-3D4A-A5F0-D731C9A2529C}.Shipping|Win64.Build.0 = Development|Any CPU
		{46909BE1-1BF7-3367-BCCB-25A08BB29B7C}.DebugGame Editor|Win64.ActiveCfg = Development|Any CPU
		{46909BE1-1BF7-3367-BCCB-25A08BB29B7C}.DebugGame Editor|Win64.Build.0 = Development|Any CPU
		{46909BE1-1BF7-3367-BCCB-25A08BB29B7C}.DebugGame|Win64.ActiveCfg = Development|Any CPU
		{46909BE1-1BF7-3367-BCCB-25A08BB29B7C}.DebugGame|Win64.Build.0 = Development|Any CPU
		{46909BE1-1BF7-3367-BCCB-25A08BB29B7C}.Development Editor|Win64.ActiveCfg = Development|Any CPU
		{46909BE1-1BF7-3367-BCCB-25A08BB29B7C}.Development Editor|Win64.Build.0 = Development|Any CPU
		{46909BE1-1BF7-3367-BCCB-25A08BB29B7C}.Development|Win64.ActiveCfg = Development|Any CPU
		{46909BE1-1BF7-3367-BCCB-25A08BB29B7C}.Development|Win64.Build.0 = Development|Any CPU
		{46909BE1-1BF7-3367-BCCB-25A08BB29B7C}.Shipping|Win64.ActiveCfg = Development|Any CPU
		{46909BE1-1BF7-3367-BCCB-25A08BB29B7C}.Shipping|Win64.Build.0 = Development|Any CPU
		{9E8DA7DF-84F0-341B-AE4E-3A004C448488}.DebugGame Editor|Win64.ActiveCfg = Development|Any CPU
		{9E8DA7DF-84F0-341B-AE4E-3A004C448488}.DebugGame Editor|Win64.Build.0 = Development|Any CPU
		{9E8DA7DF-84F0-341B-AE4E-3A004C448488}.DebugGame|Win64.ActiveCfg = Development|Any CPU
		{9E8DA7DF-84F0-341B-AE4E-3A004C448488}.DebugGame|Win64.Build.0 = Development|Any CPU
		{9E8DA7DF-84F0-341B-AE4E-3A004C448488}.Development Editor|Win64.ActiveCfg = Development|Any CPU
		{9E8DA7DF-84F0-341B-AE4E-3A004C448488}.Development Editor|Win64.Build.0 = Development|Any CPU
		{9E8DA7DF-84F0-341B-AE4E-3A004C448488}.Development|Win64.ActiveCfg = Development|Any CPU
		{9E8DA7DF-84F0-341B-AE4E-3A004C448488}.Development|Win64.Build.0 = Development|Any CPU
		{9E8DA7DF-84F0-341B-AE4E-3A004C448488}.Shipping|Win64.ActiveCfg = Development|Any CPU
		{9E8DA7DF-84F0-341B-AE4E-3A004C448488}.Shipping|Win64.Build.0 = Development|Any CPU
		{5E8A2716-DC4A-38A4-A4D3-6256FC68AF73}.DebugGame Editor|Win64.ActiveCfg = Development|Any CPU
		{5E8A2716-DC4A-38A4-A4D3-6256FC68AF73}.DebugGame Editor|Win64.Build.0 = Development|Any CPU
		{5E8A2716-DC4A-38A4-A4D3-6256FC68AF73}.DebugGame|Win64.ActiveCfg = Development|Any CPU
		{5E8A2716-DC4A-38A4-A4D3-6256FC68AF73}.DebugGame|Win64.Build.0 = Development|Any CPU
		{5E8A2716-DC4A-38A4-A4D3-6256FC68AF73}.Development Editor|Win64.ActiveCfg = Development|Any CPU
		{5E8A2716-DC4A-38A4-A4D3-6256FC68AF73}.Development Editor|Win64.Build.0 = Development|Any CPU
		{5E8A2716-DC4A-38A4-A4D3-6256FC68AF73}.Development|Win64.ActiveCfg = Development|Any CPU
		{5E8A2716-DC4A-38A4-A4D3-6256FC68AF73}.Development|Win64.Build.0 = Development|Any CPU
		{5E8A2716-DC4A-38A4-A4D3-6256FC68AF73}.Shipping|Win64.ActiveCfg = Development|Any CPU
		{5E8A2716-DC4A-38A4-A4D3-6256FC68AF73}.Shipping|Win64.Build.0 = Development|Any CPU
		{F4F415CC-D2C0-3B69-AE81-E823A8A9B602}.DebugGame Editor|Win64.ActiveCfg = Development|Any CPU
		{F4F415CC-D2C0-3B69-AE81-E823A8A9B602}.DebugGame Editor|Win64.Build.0 = Development|Any CPU
		{F4F415CC-D2C0-3B69-AE81-E823A8A9B602}.DebugGame|Win64.ActiveCfg = Development|Any CPU
		{F4F415CC-D2C0-3B69-AE81-E823A8A9B602}.DebugGame|Win64.Build.0 = Development|Any CPU
		{F4F415CC-D2C0-3B69-AE81-E823A8A9B602}.Development Editor|Win64.ActiveCfg = Development|Any CPU
		{F4F415CC-D2C0-3B69-AE81-E823A8A9B602}.Development Editor|Win64.Build.0 = Development|Any CPU
		{F4F415CC-D2C0-3B69-AE81-E823A8A9B602}.Development|Win64.ActiveCfg = Development|Any CPU
		{F4F415CC-D2C0-3B69-AE81-E823A8A9B602}.Development|Win64.Build.0 = Development|Any CPU
		{F4F415CC-D2C0-3B69-AE81-E823A8A9B602}.Shipping|Win64.ActiveCfg = Development|Any CPU
		{F4F415CC-D2C0-3B69-AE81-E823A8A9B602}.Shipping|Win64.Build.0 = Development|Any CPU
		{4828EA86-54F4-333D-B83A-36D2D9E9EBD6}.DebugGame Editor|Win64.ActiveCfg = Development|Any CPU
		{4828EA86-54F4-333D-B83A-36D2D9E9EBD6}.DebugGame Editor|Win64.Build.0 = Development|Any CPU
		{4828EA86-54F4-333D-B83A-36D2D9E9EBD6}.DebugGame|Win64.ActiveCfg = Development|Any CPU
		{4828EA86-54F4-333D-B83A-36D2D9E9EBD6}.DebugGame|Win64.Build.0 = Development|Any CPU
		{4828EA86-54F4-333D-B83A-36D2D9E9EBD6}.Development Editor|Win64.ActiveCfg = Development|Any CPU
		{4828EA86-54F4-333D-B83A-36D2D9E9EBD6}.Development Editor|Win64.Build.0 = Development|Any CPU
		{4828EA86-54F4-333D-B83A-36D2D9E9EBD6}.Development|Win64.ActiveCfg = Development|Any CPU
		{4828EA86-54F4-333D-B83A-36D2D9E9EBD6}.Development|Win64.Build.0 = Development|Any CPU
		{4828EA86-54F4-333D-B83A-36D2D9E9EBD6}.Shipping|Win64.ActiveCfg = Development|Any CPU
		{4828EA86-54F4-333D-B83A-36D2D9E9EBD6}.Shipping|Win64.Build.0 = Development|Any CPU
		{2F8B369D-AAB0-3803-A9A1-950BB81B6793}.DebugGame Editor|Win64.ActiveCfg = Development|Any CPU
		{2F8B369D-AAB0-3803-A9A1-950BB81B6793}.DebugGame Editor|Win64.Build.0 = Development|Any CPU
		{2F8B369D-AAB0-3803-A9A1-950BB81B6793}.DebugGame|Win64.ActiveCfg = Development|Any CPU
		{2F8B369D-AAB0-3803-A9A1-950BB81B6793}.DebugGame|Win64.Build.0 = Development|Any CPU
		{2F8B369D-AAB0-3803-A9A1-950BB81B6793}.Development Editor|Win64.ActiveCfg = Development|Any CPU
		{2F8B369D-AAB0-3803-A9A1-950BB81B6793}.Development Editor|Win64.Build.0 = Development|Any CPU
		{2F8B369D-AAB0-3803-A9A1-950BB81B6793}.Development|Win64.ActiveCfg = Development|Any CPU
		{2F8B369D-AAB0-3803-A9A1-950BB81B6793}.Development|Win64.Build.0 = Development|Any CPU
		{2F8B369D-AAB0-3803-A9A1-950BB81B6793}.Shipping|Win64.ActiveCfg = Development|Any CPU
		{2F8B369D-AAB0-3803-A9A1-950BB81B6793}.Shipping|Win64.Build.0 = Development|Any CPU
		{4A59297C-BF0C-3B8F-98BC-5FE1C2E67BE1}.DebugGame Editor|Win64.ActiveCfg = Development|Any CPU
		{4A59297C-BF0C-3B8F-98BC-5FE1C2E67BE1}.DebugGame Editor|Win64.Build.0 = Development|Any CPU
		{4A59297C-BF0C-3B8F-98BC-5FE1C2E67BE1}.DebugGame|Win64.ActiveCfg = Development|Any CPU
		{4A59297C-BF0C-3B8F-98BC-5FE1C2E67BE1}.DebugGame|Win64.Build.0 = Development|Any CPU
		{4A59297C-BF0C-3B8F-98BC-5FE1C2E67BE1}.Development Editor|Win64.ActiveCfg = Development|Any CPU
		{4A59297C-BF0C-3B8F-98BC-5FE1C2E67BE1}.Development Editor|Win64.Build.0 = Development|Any CPU
		{4A59297C-BF0C-3B8F-98BC-5FE1C2E67BE1}.Development|Win64.ActiveCfg = Development|Any CPU
		{4A59297C-BF0C-3B8F-98BC-5FE1C2E67BE1}.Development|Win64.Build.0 = Development|Any CPU
		{4A59297C-BF0C-3B8F-98BC-5FE1C2E67BE1}.Shipping|Win64.ActiveCfg = Development|Any CPU
		{4A59297C-BF0C-3B8F-98BC-5FE1C2E67BE1}.Shipping|Win64.Build.0 = Development|Any CPU
		{52C551E0-8A30-3569-AF50-DC2A3F3FBB8E}.DebugGame Editor|Win64.ActiveCfg = Development|Any CPU
		{52C551E0-8A30-3569-AF50-DC2A3F3FBB8E}.DebugGame Editor|Win64.Build.0 = Development|Any CPU
		{52C551E0-8A30-3569-AF50-DC2A3F3FBB8E}.DebugGame|Win64.ActiveCfg = Development|Any CPU
		{52C551E0-8A30-3569-AF50-DC2A3F3FBB8E}.DebugGame|Win64.Build.0 = Development|Any CPU
		{52C551E0-8A30-3569-AF50-DC2A3F3FBB8E}.Development Editor|Win64.ActiveCfg = Development|Any CPU
		{52C551E0-8A30-3569-AF50-DC2A3F3FBB8E}.Development Editor|Win64.Build.0 = Development|Any CPU
		{52C551E0-8A30-3569-AF50-DC2A3F3FBB8E}.Development|Win64.ActiveCfg = Development|Any CPU
		{52C551E0-8A30-3569-AF50-DC2A3F3FBB8E}.Development|Win64.Build.0 = Development|Any CPU
		{52C551E0-8A30-3569-AF50-DC2A3F3FBB8E}.Shipping|Win64.ActiveCfg = Development|Any CPU
		{52C551E0-8A30-3569-AF50-DC2A3F3FBB8E}.Shipping|Win64.Build.0 = Development|Any CPU
		{6DF73038-05ED-3D49-ACED-0800479BA51B}.DebugGame Editor|Win64.ActiveCfg = Development|Any CPU
		{6DF73038-05ED-3D49-ACED-0800479BA51B}.DebugGame Editor|Win64.Build.0 = Development|Any CPU
		{6DF73038-05ED-3D49-ACED-0800479BA51B}.DebugGame|Win64.ActiveCfg = Development|Any CPU
		{6DF73038-05ED-3D49-ACED-0800479BA51B}.DebugGame|Win64.Build.0 = Development|Any CPU
		{6DF73038-05ED-3D49-ACED-0800479BA51B}.Development Editor|Win64.ActiveCfg = Development|Any CPU
		{6DF73038-05ED-3D49-ACED-0800479BA51B}.Development Editor|Win64.Build.0 = Development|Any CPU
		{6DF73038-05ED-3D49-ACED-0800479BA51B}.Development|Win64.ActiveCfg = Development|Any CPU
		{6DF73038-05ED-3D49-ACED-0800479BA51B}.Development|Win64.Build.0 = Development|Any CPU
		{6DF73038-05ED-3D49-ACED-0800479BA51B}.Shipping|Win64.ActiveCfg = Development|Any CPU
		{6DF73038-05ED-3D49-ACED-0800479BA51B}.Shipping|Win64.Build.0 = Development|Any CPU
		{53F063B2-3E09-376E-8303-B93B267B93C3}.DebugGame Editor|Win64.ActiveCfg = Development|Any CPU
		{53F063B2-3E09-376E-8303-B93B267B93C3}.DebugGame Editor|Win64.Build.0 = Development|Any CPU
		{53F063B2-3E09-376E-8303-B93B267B93C3}.DebugGame|Win64.ActiveCfg = Development|Any CPU
		{53F063B2-3E09-376E-8303-B93B267B93C3}.DebugGame|Win64.Build.0 = Development|Any CPU
		{53F063B2-3E09-376E-8303-B93B267B93C3}.Development Editor|Win64.ActiveCfg = Development|Any CPU
		{53F063B2-3E09-376E-8303-B93B267B93C3}.Development Editor|Win64.Build.0 = Development|Any CPU
		{53F063B2-3E09-376E-8303-B93B267B93C3}.Development|Win64.ActiveCfg = Development|Any CPU
		{53F063B2-3E09-376E-8303-B93B267B93C3}.Development|Win64.Build.0 = Development|Any CPU
		{53F063B2-3E09-376E-8303-B93B267B93C3}.Shipping|Win64.ActiveCfg = Development|Any CPU
		{53F063B2-3E09-376E-8303-B93B267B93C3}.Shipping|Win64.Build.0 = Development|Any CPU
		{4802BB12-B530-313B-A466-5BB7C03F028D}.DebugGame Editor|Win64.ActiveCfg = Development|Any CPU
		{4802BB12-B530-313B-A466-5BB7C03F028D}.DebugGame Editor|Win64.Build.0 = Development|Any CPU
		{4802BB12-B530-313B-A466-5BB7C03F028D}.DebugGame|Win64.ActiveCfg = Development|Any CPU
		{4802BB12-B530-313B-A466-5BB7C03F028D}.DebugGame|Win64.Build.0 = Development|Any CPU
		{4802BB12-B530-313B-A466-5BB7C03F028D}.Development Editor|Win64.ActiveCfg = Development|Any CPU
		{4802BB12-B530-313B-A466-5BB7C03F028D}.Development Editor|Win64.Build.0 = Development|Any CPU
		{4802BB12-B530-313B-A466-5BB7C03F028D}.Development|Win64.ActiveCfg = Development|Any CPU
		{4802BB12-B530-313B-A466-5BB7C03F028D}.Development|Win64.Build.0 = Development|Any CPU
		{4802BB12-B530-313B-A466-5BB7C03F028D}.Shipping|Win64.ActiveCfg = Development|Any CPU
		{4802BB12-B530-313B-A466-5BB7C03F028D}.Shipping|Win64.Build.0 = Development|Any CPU
		{39C070E0-AB0C-3A46-82AA-38CDF1BD9364}.DebugGame Editor|Win64.ActiveCfg = Development|Any CPU
		{39C070E0-AB0C-3A46-82AA-38CDF1BD9364}.DebugGame Editor|Win64.Build.0 = Development|Any CPU
		{39C070E0-AB0C-3A46-82AA-38CDF1BD9364}.DebugGame|Win64.ActiveCfg = Development|Any CPU
		{39C070E0-AB0C-3A46-82AA-38CDF1BD9364}.DebugGame|Win64.Build.0 = Development|Any CPU
		{39C070E0-AB0C-3A46-82AA-38CDF1BD9364}.Development Editor|Win64.ActiveCfg = Development|Any CPU
		{39C070E0-AB0C-3A46-82AA-38CDF1BD9364}.Development Editor|Win64.Build.0 = Development|Any CPU
		{39C070E0-AB0C-3A46-82AA-38CDF1BD9364}.Development|Win64.ActiveCfg = Development|Any CPU
		{39C070E0-AB0C-3A46-82AA-38CDF1BD9364}.Development|Win64.Build.0 = Development|Any CPU
		{39C070E0-AB0C-3A46-82AA-38CDF1BD9364}.Shipping|Win64.ActiveCfg = Development|Any CPU
		{39C070E0-AB0C-3A46-82AA-38CDF1BD9364}.Shipping|Win64.Build.0 = Development|Any CPU
		{BEB0882D-E8ED-38A5-9FD1-43747AD3ED0D}.DebugGame Editor|Win64.ActiveCfg = Development|Any CPU
		{BEB0882D-E8ED-38A5-9FD1-43747AD3ED0D}.DebugGame Editor|Win64.Build.0 = Development|Any CPU
		{BEB0882D-E8ED-38A5-9FD1-43747AD3ED0D}.DebugGame|Win64.ActiveCfg = Development|Any CPU
		{BEB0882D-E8ED-38A5-9FD1-43747AD3ED0D}.DebugGame|Win64.Build.0 = Development|Any CPU
		{BEB0882D-E8ED-38A5-9FD1-43747AD3ED0D}.Development Editor|Win64.ActiveCfg = Development|Any CPU
		{BEB0882D-E8ED-38A5-9FD1-43747AD3ED0D}.Development Editor|Win64.Build.0 = Development|Any CPU
		{BEB0882D-E8ED-38A5-9FD1-43747AD3ED0D}.Development|Win64.ActiveCfg = Development|Any CPU
		{BEB0882D-E8ED-38A5-9FD1-43747AD3ED0D}.Development|Win64.Build.0 = Development|Any CPU
		{BEB0882D-E8ED-38A5-9FD1-43747AD3ED0D}.Shipping|Win64.ActiveCfg = Development|Any CPU
		{BEB0882D-E8ED-38A5-9FD1-43747AD3ED0D}.Shipping|Win64.Build.0 = Development|Any CPU
		{EB467226-822C-3071-A89C-62F26375DDFA}.DebugGame Editor|Win64.ActiveCfg = Development|Any CPU
		{EB467226-822C-3071-A89C-62F26375DDFA}.DebugGame Editor|Win64.Build.0 = Development|Any CPU
		{EB467226-822C-3071-A89C-62F26375DDFA}.DebugGame|Win64.ActiveCfg = Development|Any CPU
		{EB467226-822C-3071-A89C-62F26375DDFA}.DebugGame|Win64.Build.0 = Development|Any CPU
		{EB467226-822C-3071-A89C-62F26375DDFA}.Development Editor|Win64.ActiveCfg = Development|Any CPU
		{EB467226-822C-3071-A89C-62F26375DDFA}.Development Editor|Win64.Build.0 = Development|Any CPU
		{EB467226-822C-3071-A89C-62F26375DDFA}.Development|Win64.ActiveCfg = Development|Any CPU
		{EB467226-822C-3071-A89C-62F26375DDFA}.Development|Win64.Build.0 = Development|Any CPU
		{EB467226-822C-3071-A89C-62F26375DDFA}.Shipping|Win64.ActiveCfg = Development|Any CPU
		{EB467226-822C-3071-A89C-62F26375DDFA}.Shipping|Win64.Build.0 = Development|Any CPU
		{17AF3425-CB5B-3401-96F6-CC11D9936006}.DebugGame Editor|Win64.ActiveCfg = Development|Any CPU
		{17AF3425-CB5B-3401-96F6-CC11D9936006}.DebugGame Editor|Win64.Build.0 = Development|Any CPU
		{17AF3425-CB5B-3401-96F6-CC11D9936006}.DebugGame|Win64.ActiveCfg = Development|Any CPU
		{17AF3425-CB5B-3401-96F6-CC11D9936006}.DebugGame|Win64.Build.0 = Development|Any CPU
		{17AF3425-CB5B-3401-96F6-CC11D9936006}.Development Editor|Win64.ActiveCfg = Development|Any CPU
		{17AF3425-CB5B-3401-96F6-CC11D9936006}.Development Editor|Win64.Build.0 = Development|Any CPU
		{17AF3425-CB5B-3401-96F6-CC11D9936006}.Development|Win64.ActiveCfg = Development|Any CPU
		{17AF3425-CB5B-3401-96F6-CC11D9936006}.Development|Win64.Build.0 = Development|Any CPU
		{17AF3425-CB5B-3401-96F6-CC11D9936006}.Shipping|Win64.ActiveCfg = Development|Any CPU
		{17AF3425-CB5B-3401-96F6-CC11D9936006}.Shipping|Win64.Build.0 = Development|Any CPU
		{2D0219CA-0E87-3A32-A419-5004831B0934}.DebugGame Editor|Win64.ActiveCfg = Development|Any CPU
		{2D0219CA-0E87-3A32-A419-5004831B0934}.DebugGame Editor|Win64.Build.0 = Development|Any CPU
		{2D0219CA-0E87-3A32-A419-5004831B0934}.DebugGame|Win64.ActiveCfg = Development|Any CPU
		{2D0219CA-0E87-3A32-A419-5004831B0934}.DebugGame|Win64.Build.0 = Development|Any CPU
		{2D0219CA-0E87-3A32-A419-5004831B0934}.Development Editor|Win64.ActiveCfg = Development|Any CPU
		{2D0219CA-0E87-3A32-A419-5004831B0934}.Development Editor|Win64.Build.0 = Development|Any CPU
		{2D0219CA-0E87-3A32-A419-5004831B0934}.Development|Win64.ActiveCfg = Development|Any CPU
		{2D0219CA-0E87-3A32-A419-5004831B0934}.Development|Win64.Build.0 = Development|Any CPU
		{2D0219CA-0E87-3A32-A419-5004831B0934}.Shipping|Win64.ActiveCfg = Development|Any CPU
		{2D0219CA-0E87-3A32-A419-5004831B0934}.Shipping|Win64.Build.0 = Development|Any CPU
		{BAD6C4C4-8C82-37E3-B158-52FBD5D90268}.DebugGame Editor|Win64.ActiveCfg = Development|Any CPU
		{BAD6C4C4-8C82-37E3-B158-52FBD5D90268}.DebugGame Editor|Win64.Build.0 = Development|Any CPU
		{BAD6C4C4-8C82-37E3-B158-52FBD5D90268}.DebugGame|Win64.ActiveCfg = Development|Any CPU
		{BAD6C4C4-8C82-37E3-B158-52FBD5D90268}.DebugGame|Win64.Build.0 = Development|Any CPU
		{BAD6C4C4-8C82-37E3-B158-52FBD5D90268}.Development Editor|Win64.ActiveCfg = Development|Any CPU
		{BAD6C4C4-8C82-37E3-B158-52FBD5D90268}.Development Editor|Win64.Build.0 = Development|Any CPU
		{BAD6C4C4-8C82-37E3-B158-52FBD5D90268}.Development|Win64.ActiveCfg = Development|Any CPU
		{BAD6C4C4-8C82-37E3-B158-52FBD5D90268}.Development|Win64.Build.0 = Development|Any CPU
		{BAD6C4C4-8C82-37E3-B158-52FBD5D90268}.Shipping|Win64.ActiveCfg = Development|Any CPU
		{BAD6C4C4-8C82-37E3-B158-52FBD5D90268}.Shipping|Win64.Build.0 = Development|Any CPU
		{2C8C689A-094C-3200-B7C2-F49B4CF3DE3E}.DebugGame Editor|Win64.ActiveCfg = Development|Any CPU
		{2C8C689A-094C-3200-B7C2-F49B4CF3DE3E}.DebugGame Editor|Win64.Build.0 = Development|Any CPU
		{2C8C689A-094C-3200-B7C2-F49B4CF3DE3E}.DebugGame|Win64.ActiveCfg = Development|Any CPU
		{2C8C689A-094C-3200-B7C2-F49B4CF3DE3E}.DebugGame|Win64.Build.0 = Development|Any CPU
		{2C8C689A-094C-3200-B7C2-F49B4CF3DE3E}.Development Editor|Win64.ActiveCfg = Development|Any CPU
		{2C8C689A-094C-3200-B7C2-F49B4CF3DE3E}.Development Editor|Win64.Build.0 = Development|Any CPU
		{2C8C689A-094C-3200-B7C2-F49B4CF3DE3E}.Development|Win64.ActiveCfg = Development|Any CPU
		{2C8C689A-094C-3200-B7C2-F49B4CF3DE3E}.Development|Win64.Build.0 = Development|Any CPU
		{2C8C689A-094C-3200-B7C2-F49B4CF3DE3E}.Shipping|Win64.ActiveCfg = Development|Any CPU
		{2C8C689A-094C-3200-B7C2-F49B4CF3DE3E}.Shipping|Win64.Build.0 = Development|Any CPU
		{4DBE43F9-B5ED-3787-8373-4C1E948A8D72}.DebugGame Editor|Win64.ActiveCfg = Development|Any CPU
		{4DBE43F9-B5ED-3787-8373-4C1E948A8D72}.DebugGame Editor|Win64.Build.0 = Development|Any CPU
		{4DBE43F9-B5ED-3787-8373-4C1E948A8D72}.DebugGame|Win64.ActiveCfg = Development|Any CPU
		{4DBE43F9-B5ED-3787-8373-4C1E948A8D72}.DebugGame|Win64.Build.0 = Development|Any CPU
		{4DBE43F9-B5ED-3787-8373-4C1E948A8D72}.Development Editor|Win64.ActiveCfg = Development|Any CPU
		{4DBE43F9-B5ED-3787-8373-4C1E948A8D72}.Development Editor|Win64.Build.0 = Development|Any CPU
		{4DBE43F9-B5ED-3787-8373-4C1E948A8D72}.Development|Win64.ActiveCfg = Development|Any CPU
		{4DBE43F9-B5ED-3787-8373-4C1E948A8D72}.Development|Win64.Build.0 = Development|Any CPU
		{4DBE43F9-B5ED-3787-8373-4C1E948A8D72}.Shipping|Win64.ActiveCfg = Development|Any CPU
		{4DBE43F9-B5ED-3787-8373-4C1E948A8D72}.Shipping|Win64.Build.0 = Development|Any CPU
		{A8B45447-A0DE-31A5-9445-5487FFC5EC86}.DebugGame Editor|Win64.ActiveCfg = Development|Any CPU
		{A8B45447-A0DE-31A5-9445-5487FFC5EC86}.DebugGame Editor|Win64.Build.0 = Development|Any CPU
		{A8B45447-A0DE-31A5-9445-5487FFC5EC86}.DebugGame|Win64.ActiveCfg = Development|Any CPU
		{A8B45447-A0DE-31A5-9445-5487FFC5EC86}.DebugGame|Win64.Build.0 = Development|Any CPU
		{A8B45447-A0DE-31A5-9445-5487FFC5EC86}.Development Editor|Win64.ActiveCfg = Development|Any CPU
		{A8B45447-A0DE-31A5-9445-5487FFC5EC86}.Development Editor|Win64.Build.0 = Development|Any CPU
		{A8B45447-A0DE-31A5-9445-5487FFC5EC86}.Development|Win64.ActiveCfg = Development|Any CPU
		{A8B45447-A0DE-31A5-9445-5487FFC5EC86}.Development|Win64.Build.0 = Development|Any CPU
		{A8B45447-A0DE-31A5-9445-5487FFC5EC86}.Shipping|Win64.ActiveCfg = Development|Any CPU
		{A8B45447-A0DE-31A5-9445-5487FFC5EC86}.Shipping|Win64.Build.0 = Development|Any CPU
		{C3AC050D-58BB-3AD5-AD4F-25E73A291D55}.DebugGame Editor|Win64.ActiveCfg = Development|Any CPU
		{C3AC050D-58BB-3AD5-AD4F-25E73A291D55}.DebugGame Editor|Win64.Build.0 = Development|Any CPU
		{C3AC050D-58BB-3AD5-AD4F-25E73A291D55}.DebugGame|Win64.ActiveCfg = Development|Any CPU
		{C3AC050D-58BB-3AD5-AD4F-25E73A291D55}.DebugGame|Win64.Build.0 = Development|Any CPU
		{C3AC050D-58BB-3AD5-AD4F-25E73A291D55}.Development Editor|Win64.ActiveCfg = Development|Any CPU
		{C3AC050D-58BB-3AD5-AD4F-25E73A291D55}.Development Editor|Win64.Build.0 = Development|Any CPU
		{C3AC050D-58BB-3AD5-AD4F-25E73A291D55}.Development|Win64.ActiveCfg = Development|Any CPU
		{C3AC050D-58BB-3AD5-AD4F-25E73A291D55}.Development|Win64.Build.0 = Development|Any CPU
		{C3AC050D-58BB-3AD5-AD4F-25E73A291D55}.Shipping|Win64.ActiveCfg = Development|Any CPU
		{C3AC050D-58BB-3AD5-AD4F-25E73A291D55}.Shipping|Win64.Build.0 = Development|Any CPU
		{F469E83F-C9E9-3EDD-9728-FC0DD0649BB4}.DebugGame Editor|Win64.ActiveCfg = Development|Any CPU
		{F469E83F-C9E9-3EDD-9728-FC0DD0649BB4}.DebugGame Editor|Win64.Build.0 = Development|Any CPU
		{F469E83F-C9E9-3EDD-9728-FC0DD0649BB4}.DebugGame|Win64.ActiveCfg = Development|Any CPU
		{F469E83F-C9E9-3EDD-9728-FC0DD0649BB4}.DebugGame|Win64.Build.0 = Development|Any CPU
		{F469E83F-C9E9-3EDD-9728-FC0DD0649BB4}.Development Editor|Win64.ActiveCfg = Development|Any CPU
		{F469E83F-C9E9-3EDD-9728-FC0DD0649BB4}.Development Editor|Win64.Build.0 = Development|Any CPU
		{F469E83F-C9E9-3EDD-9728-FC0DD0649BB4}.Development|Win64.ActiveCfg = Development|Any CPU
		{F469E83F-C9E9-3EDD-9728-FC0DD0649BB4}.Development|Win64.Build.0 = Development|Any CPU
		{F469E83F-C9E9-3EDD-9728-FC0DD0649BB4}.Shipping|Win64.ActiveCfg = Development|Any CPU
		{F469E83F-C9E9-3EDD-9728-FC0DD0649BB4}.Shipping|Win64.Build.0 = Development|Any CPU
		{67DCA8BA-9BF9-3A3E-8B74-8FBAA1F08101}.DebugGame Editor|Win64.ActiveCfg = Development|Any CPU
		{67DCA8BA-9BF9-3A3E-8B74-8FBAA1F08101}.DebugGame Editor|Win64.Build.0 = Development|Any CPU
		{67DCA8BA-9BF9-3A3E-8B74-8FBAA1F08101}.DebugGame|Win64.ActiveCfg = Development|Any CPU
		{67DCA8BA-9BF9-3A3E-8B74-8FBAA1F08101}.DebugGame|Win64.Build.0 = Development|Any CPU
		{67DCA8BA-9BF9-3A3E-8B74-8FBAA1F08101}.Development Editor|Win64.ActiveCfg = Development|Any CPU
		{67DCA8BA-9BF9-3A3E-8B74-8FBAA1F08101}.Development Editor|Win64.Build.0 = Development|Any CPU
		{67DCA8BA-9BF9-3A3E-8B74-8FBAA1F08101}.Development|Win64.ActiveCfg = Development|Any CPU
		{67DCA8BA-9BF9-3A3E-8B74-8FBAA1F08101}.Development|Win64.Build.0 = Development|Any CPU
		{67DCA8BA-9BF9-3A3E-8B74-8FBAA1F08101}.Shipping|Win64.ActiveCfg = Development|Any CPU
		{67DCA8BA-9BF9-3A3E-8B74-8FBAA1F08101}.Shipping|Win64.Build.0 = Development|Any CPU
		{6D8CC547-6A25-3EC4-B204-FA465CE524B7}.DebugGame Editor|Win64.ActiveCfg = Development|Any CPU
		{6D8CC547-6A25-3EC4-B204-FA465CE524B7}.DebugGame Editor|Win64.Build.0 = Development|Any CPU
		{6D8CC547-6A25-3EC4-B204-FA465CE524B7}.DebugGame|Win64.ActiveCfg = Development|Any CPU
		{6D8CC547-6A25-3EC4-B204-FA465CE524B7}.DebugGame|Win64.Build.0 = Development|Any CPU
		{6D8CC547-6A25-3EC4-B204-FA465CE524B7}.Development Editor|Win64.ActiveCfg = Development|Any CPU
		{6D8CC547-6A25-3EC4-B204-FA465CE524B7}.Development Editor|Win64.Build.0 = Development|Any CPU
		{6D8CC547-6A25-3EC4-B204-FA465CE524B7}.Development|Win64.ActiveCfg = Development|Any CPU
		{6D8CC547-6A25-3EC4-B204-FA465CE524B7}.Development|Win64.Build.0 = Development|Any CPU
		{6D8CC547-6A25-3EC4-B204-FA465CE524B7}.Shipping|Win64.ActiveCfg = Development|Any CPU
		{6D8CC547-6A25-3EC4-B204-FA465CE524B7}.Shipping|Win64.Build.0 = Development|Any CPU
		{369E94D1-BBA8-32A2-9AAC-85AC6A84A450}.DebugGame Editor|Win64.ActiveCfg = Development|Any CPU
		{369E94D1-BBA8-32A2-9AAC-85AC6A84A450}.DebugGame Editor|Win64.Build.0 = Development|Any CPU
		{369E94D1-BBA8-32A2-9AAC-85AC6A84A450}.DebugGame|Win64.ActiveCfg = Development|Any CPU
		{369E94D1-BBA8-32A2-9AAC-85AC6A84A450}.DebugGame|Win64.Build.0 = Development|Any CPU
		{369E94D1-BBA8-32A2-9AAC-85AC6A84A450}.Development Editor|Win64.ActiveCfg = Development|Any CPU
		{369E94D1-BBA8-32A2-9AAC-85AC6A84A450}.Development Editor|Win64.Build.0 = Development|Any CPU
		{369E94D1-BBA8-32A2-9AAC-85AC6A84A450}.Development|Win64.ActiveCfg = Development|Any CPU
		{369E94D1-BBA8-32A2-9AAC-85AC6A84A450}.Development|Win64.Build.0 = Development|Any CPU
		{369E94D1-BBA8-32A2-9AAC-85AC6A84A450}.Shipping|Win64.ActiveCfg = Development|Any CPU
		{369E94D1-BBA8-32A2-9AAC-85AC6A84A450}.Shipping|Win64.Build.0 = Development|Any CPU
		{E91134CC-286F-3726-AE8B-169B7DE695A7}.DebugGame Editor|Win64.ActiveCfg = Development|Any CPU
		{E91134CC-286F-3726-AE8B-169B7DE695A7}.DebugGame Editor|Win64.Build.0 = Development|Any CPU
		{E91134CC-286F-3726-AE8B-169B7DE695A7}.DebugGame|Win64.ActiveCfg = Development|Any CPU
		{E91134CC-286F-3726-AE8B-169B7DE695A7}.DebugGame|Win64.Build.0 = Development|Any CPU
		{E91134CC-286F-3726-AE8B-169B7DE695A7}.Development Editor|Win64.ActiveCfg = Development|Any CPU
		{E91134CC-286F-3726-AE8B-169B7DE695A7}.Development Editor|Win64.Build.0 = Development|Any CPU
		{E91134CC-286F-3726-AE8B-169B7DE695A7}.Development|Win64.ActiveCfg = Development|Any CPU
		{E91134CC-286F-3726-AE8B-169B7DE695A7}.Development|Win64.Build.0 = Development|Any CPU
		{E91134CC-286F-3726-AE8B-169B7DE695A7}.Shipping|Win64.ActiveCfg = Development|Any CPU
		{E91134CC-286F-3726-AE8B-169B7DE695A7}.Shipping|Win64.Build.0 = Development|Any CPU
		{6C1B1F5B-A6D7-388C-BC10-C6A7DDACE317}.DebugGame Editor|Win64.ActiveCfg = Development|Any CPU
		{6C1B1F5B-A6D7-388C-BC10-C6A7DDACE317}.DebugGame Editor|Win64.Build.0 = Development|Any CPU
		{6C1B1F5B-A6D7-388C-BC10-C6A7DDACE317}.DebugGame|Win64.ActiveCfg = Development|Any CPU
		{6C1B1F5B-A6D7-388C-BC10-C6A7DDACE317}.DebugGame|Win64.Build.0 = Development|Any CPU
		{6C1B1F5B-A6D7-388C-BC10-C6A7DDACE317}.Development Editor|Win64.ActiveCfg = Development|Any CPU
		{6C1B1F5B-A6D7-388C-BC10-C6A7DDACE317}.Development Editor|Win64.Build.0 = Development|Any CPU
		{6C1B1F5B-A6D7-388C-BC10-C6A7DDACE317}.Development|Win64.ActiveCfg = Development|Any CPU
		{6C1B1F5B-A6D7-388C-BC10-C6A7DDACE317}.Development|Win64.Build.0 = Development|Any CPU
		{6C1B1F5B-A6D7-388C-BC10-C6A7DDACE317}.Shipping|Win64.ActiveCfg = Development|Any CPU
		{6C1B1F5B-A6D7-388C-BC10-C6A7DDACE317}.Shipping|Win64.Build.0 = Development|Any CPU
		{BD686C42-9D57-30AC-9735-DFCA2F29134F}.DebugGame Editor|Win64.ActiveCfg = Development|Any CPU
		{BD686C42-9D57-30AC-9735-DFCA2F29134F}.DebugGame Editor|Win64.Build.0 = Development|Any CPU
		{BD686C42-9D57-30AC-9735-DFCA2F29134F}.DebugGame|Win64.ActiveCfg = Development|Any CPU
		{BD686C42-9D57-30AC-9735-DFCA2F29134F}.DebugGame|Win64.Build.0 = Development|Any CPU
		{BD686C42-9D57-30AC-9735-DFCA2F29134F}.Development Editor|Win64.ActiveCfg = Development|Any CPU
		{BD686C42-9D57-30AC-9735-DFCA2F29134F}.Development Editor|Win64.Build.0 = Development|Any CPU
		{BD686C42-9D57-30AC-9735-DFCA2F29134F}.Development|Win64.ActiveCfg = Development|Any CPU
		{BD686C42-9D57-30AC-9735-DFCA2F29134F}.Development|Win64.Build.0 = Development|Any CPU
		{BD686C42-9D57-30AC-9735-DFCA2F29134F}.Shipping|Win64.ActiveCfg = Development|Any CPU
		{BD686C42-9D57-30AC-9735-DFCA2F29134F}.Shipping|Win64.Build.0 = Development|Any CPU
		{6C620421-5B90-39E4-9F6F-BD02577F3245}.DebugGame Editor|Win64.ActiveCfg = Development|Any CPU
		{6C620421-5B90-39E4-9F6F-BD02577F3245}.DebugGame Editor|Win64.Build.0 = Development|Any CPU
		{6C620421-5B90-39E4-9F6F-BD02577F3245}.DebugGame|Win64.ActiveCfg = Development|Any CPU
		{6C620421-5B90-39E4-9F6F-BD02577F3245}.DebugGame|Win64.Build.0 = Development|Any CPU
		{6C620421-5B90-39E4-9F6F-BD02577F3245}.Development Editor|Win64.ActiveCfg = Development|Any CPU
		{6C620421-5B90-39E4-9F6F-BD02577F3245}.Development Editor|Win64.Build.0 = Development|Any CPU
		{6C620421-5B90-39E4-9F6F-BD02577F3245}.Development|Win64.ActiveCfg = Development|Any CPU
		{6C620421-5B90-39E4-9F6F-BD02577F3245}.Development|Win64.Build.0 = Development|Any CPU
		{6C620421-5B90-39E4-9F6F-BD02577F3245}.Shipping|Win64.ActiveCfg = Development|Any CPU
		{6C620421-5B90-39E4-9F6F-BD02577F3245}.Shipping|Win64.Build.0 = Development|Any CPU
		{3AF2E620-E3F1-3726-B064-3C667A83912D}.DebugGame Editor|Win64.ActiveCfg = Development|Any CPU
		{3AF2E620-E3F1-3726-B064-3C667A83912D}.DebugGame Editor|Win64.Build.0 = Development|Any CPU
		{3AF2E620-E3F1-3726-B064-3C667A83912D}.DebugGame|Win64.ActiveCfg = Development|Any CPU
		{3AF2E620-E3F1-3726-B064-3C667A83912D}.DebugGame|Win64.Build.0 = Development|Any CPU
		{3AF2E620-E3F1-3726-B064-3C667A83912D}.Development Editor|Win64.ActiveCfg = Development|Any CPU
		{3AF2E620-E3F1-3726-B064-3C667A83912D}.Development Editor|Win64.Build.0 = Development|Any CPU
		{3AF2E620-E3F1-3726-B064-3C667A83912D}.Development|Win64.ActiveCfg = Development|Any CPU
		{3AF2E620-E3F1-3726-B064-3C667A83912D}.Development|Win64.Build.0 = Development|Any CPU
		{3AF2E620-E3F1-3726-B064-3C667A83912D}.Shipping|Win64.ActiveCfg = Development|Any CPU
		{3AF2E620-E3F1-3726-B064-3C667A83912D}.Shipping|Win64.Build.0 = Development|Any CPU
		{B0D07DDC-3286-3A0E-A57C-0FD1073F17E4}.DebugGame Editor|Win64.ActiveCfg = Development|Any CPU
		{B0D07DDC-3286-3A0E-A57C-0FD1073F17E4}.DebugGame Editor|Win64.Build.0 = Development|Any CPU
		{B0D07DDC-3286-3A0E-A57C-0FD1073F17E4}.DebugGame|Win64.ActiveCfg = Development|Any CPU
		{B0D07DDC-3286-3A0E-A57C-0FD1073F17E4}.DebugGame|Win64.Build.0 = Development|Any CPU
		{B0D07DDC-3286-3A0E-A57C-0FD1073F17E4}.Development Editor|Win64.ActiveCfg = Development|Any CPU
		{B0D07DDC-3286-3A0E-A57C-0FD1073F17E4}.Development Editor|Win64.Build.0 = Development|Any CPU
		{B0D07DDC-3286-3A0E-A57C-0FD1073F17E4}.Development|Win64.ActiveCfg = Development|Any CPU
		{B0D07DDC-3286-3A0E-A57C-0FD1073F17E4}.Development|Win64.Build.0 = Development|Any CPU
		{B0D07DDC-3286-3A0E-A57C-0FD1073F17E4}.Shipping|Win64.ActiveCfg = Development|Any CPU
		{B0D07DDC-3286-3A0E-A57C-0FD1073F17E4}.Shipping|Win64.Build.0 = Development|Any CPU
		{CB863DFB-FC2C-3C4E-B03A-26BE5DBD0333}.DebugGame Editor|Win64.ActiveCfg = Development|Any CPU
		{CB863DFB-FC2C-3C4E-B03A-26BE5DBD0333}.DebugGame Editor|Win64.Build.0 = Development|Any CPU
		{CB863DFB-FC2C-3C4E-B03A-26BE5DBD0333}.DebugGame|Win64.ActiveCfg = Development|Any CPU
		{CB863DFB-FC2C-3C4E-B03A-26BE5DBD0333}.DebugGame|Win64.Build.0 = Development|Any CPU
		{CB863DFB-FC2C-3C4E-B03A-26BE5DBD0333}.Development Editor|Win64.ActiveCfg = Development|Any CPU
		{CB863DFB-FC2C-3C4E-B03A-26BE5DBD0333}.Development Editor|Win64.Build.0 = Development|Any CPU
		{CB863DFB-FC2C-3C4E-B03A-26BE5DBD0333}.Development|Win64.ActiveCfg = Development|Any CPU
		{CB863DFB-FC2C-3C4E-B03A-26BE5DBD0333}.Development|Win64.Build.0 = Development|Any CPU
		{CB863DFB-FC2C-3C4E-B03A-26BE5DBD0333}.Shipping|Win64.ActiveCfg = Development|Any CPU
		{CB863DFB-FC2C-3C4E-B03A-26BE5DBD0333}.Shipping|Win64.Build.0 = Development|Any CPU
		{676BB582-F7C9-3CD2-80F6-9B047FA66D5F}.DebugGame Editor|Win64.ActiveCfg = Development|Any CPU
		{676BB582-F7C9-3CD2-80F6-9B047FA66D5F}.DebugGame Editor|Win64.Build.0 = Development|Any CPU
		{676BB582-F7C9-3CD2-80F6-9B047FA66D5F}.DebugGame|Win64.ActiveCfg = Development|Any CPU
		{676BB582-F7C9-3CD2-80F6-9B047FA66D5F}.DebugGame|Win64.Build.0 = Development|Any CPU
		{676BB582-F7C9-3CD2-80F6-9B047FA66D5F}.Development Editor|Win64.ActiveCfg = Development|Any CPU
		{676BB582-F7C9-3CD2-80F6-9B047FA66D5F}.Development Editor|Win64.Build.0 = Development|Any CPU
		{676BB582-F7C9-3CD2-80F6-9B047FA66D5F}.Development|Win64.ActiveCfg = Development|Any CPU
		{676BB582-F7C9-3CD2-80F6-9B047FA66D5F}.Development|Win64.Build.0 = Development|Any CPU
		{676BB582-F7C9-3CD2-80F6-9B047FA66D5F}.Shipping|Win64.ActiveCfg = Development|Any CPU
		{676BB582-F7C9-3CD2-80F6-9B047FA66D5F}.Shipping|Win64.Build.0 = Development|Any CPU
		{10402A0E-C95D-3C41-9853-A7C81201FBF1}.DebugGame Editor|Win64.ActiveCfg = Development|Any CPU
		{10402A0E-C95D-3C41-9853-A7C81201FBF1}.DebugGame Editor|Win64.Build.0 = Development|Any CPU
		{10402A0E-C95D-3C41-9853-A7C81201FBF1}.DebugGame|Win64.ActiveCfg = Development|Any CPU
		{10402A0E-C95D-3C41-9853-A7C81201FBF1}.DebugGame|Win64.Build.0 = Development|Any CPU
		{10402A0E-C95D-3C41-9853-A7C81201FBF1}.Development Editor|Win64.ActiveCfg = Development|Any CPU
		{10402A0E-C95D-3C41-9853-A7C81201FBF1}.Development Editor|Win64.Build.0 = Development|Any CPU
		{10402A0E-C95D-3C41-9853-A7C81201FBF1}.Development|Win64.ActiveCfg = Development|Any CPU
		{10402A0E-C95D-3C41-9853-A7C81201FBF1}.Development|Win64.Build.0 = Development|Any CPU
		{10402A0E-C95D-3C41-9853-A7C81201FBF1}.Shipping|Win64.ActiveCfg = Development|Any CPU
		{10402A0E-C95D-3C41-9853-A7C81201FBF1}.Shipping|Win64.Build.0 = Development|Any CPU
		{C9F7CBC4-9806-3D4A-97E0-2ABB5B29097D}.DebugGame Editor|Win64.ActiveCfg = Development|Any CPU
		{C9F7CBC4-9806-3D4A-97E0-2ABB5B29097D}.DebugGame Editor|Win64.Build.0 = Development|Any CPU
		{C9F7CBC4-9806-3D4A-97E0-2ABB5B29097D}.DebugGame|Win64.ActiveCfg = Development|Any CPU
		{C9F7CBC4-9806-3D4A-97E0-2ABB5B29097D}.DebugGame|Win64.Build.0 = Development|Any CPU
		{C9F7CBC4-9806-3D4A-97E0-2ABB5B29097D}.Development Editor|Win64.ActiveCfg = Development|Any CPU
		{C9F7CBC4-9806-3D4A-97E0-2ABB5B29097D}.Development Editor|Win64.Build.0 = Development|Any CPU
		{C9F7CBC4-9806-3D4A-97E0-2ABB5B29097D}.Development|Win64.ActiveCfg = Development|Any CPU
		{C9F7CBC4-9806-3D4A-97E0-2ABB5B29097D}.Development|Win64.Build.0 = Development|Any CPU
		{C9F7CBC4-9806-3D4A-97E0-2ABB5B29097D}.Shipping|Win64.ActiveCfg = Development|Any CPU
		{C9F7CBC4-9806-3D4A-97E0-2ABB5B29097D}.Shipping|Win64.Build.0 = Development|Any CPU
		{286519D4-137B-37D9-B6DE-556026C4511B}.DebugGame Editor|Win64.ActiveCfg = Development|Any CPU
		{286519D4-137B-37D9-B6DE-556026C4511B}.DebugGame Editor|Win64.Build.0 = Development|Any CPU
		{286519D4-137B-37D9-B6DE-556026C4511B}.DebugGame|Win64.ActiveCfg = Development|Any CPU
		{286519D4-137B-37D9-B6DE-556026C4511B}.DebugGame|Win64.Build.0 = Development|Any CPU
		{286519D4-137B-37D9-B6DE-556026C4511B}.Development Editor|Win64.ActiveCfg = Development|Any CPU
		{286519D4-137B-37D9-B6DE-556026C4511B}.Development Editor|Win64.Build.0 = Development|Any CPU
		{286519D4-137B-37D9-B6DE-556026C4511B}.Development|Win64.ActiveCfg = Development|Any CPU
		{286519D4-137B-37D9-B6DE-556026C4511B}.Development|Win64.Build.0 = Development|Any CPU
		{286519D4-137B-37D9-B6DE-556026C4511B}.Shipping|Win64.ActiveCfg = Development|Any CPU
		{286519D4-137B-37D9-B6DE-556026C4511B}.Shipping|Win64.Build.0 = Development|Any CPU
		{214D6E50-D113-3CD7-8A64-FB52BEE357C4}.DebugGame Editor|Win64.ActiveCfg = Development|Any CPU
		{214D6E50-D113-3CD7-8A64-FB52BEE357C4}.DebugGame Editor|Win64.Build.0 = Development|Any CPU
		{214D6E50-D113-3CD7-8A64-FB52BEE357C4}.DebugGame|Win64.ActiveCfg = Development|Any CPU
		{214D6E50-D113-3CD7-8A64-FB52BEE357C4}.DebugGame|Win64.Build.0 = Development|Any CPU
		{214D6E50-D113-3CD7-8A64-FB52BEE357C4}.Development Editor|Win64.ActiveCfg = Development|Any CPU
		{214D6E50-D113-3CD7-8A64-FB52BEE357C4}.Development Editor|Win64.Build.0 = Development|Any CPU
		{214D6E50-D113-3CD7-8A64-FB52BEE357C4}.Development|Win64.ActiveCfg = Development|Any CPU
		{214D6E50-D113-3CD7-8A64-FB52BEE357C4}.Development|Win64.Build.0 = Development|Any CPU
		{214D6E50-D113-3CD7-8A64-FB52BEE357C4}.Shipping|Win64.ActiveCfg = Development|Any CPU
		{214D6E50-D113-3CD7-8A64-FB52BEE357C4}.Shipping|Win64.Build.0 = Development|Any CPU
		{219C978B-630F-3AD1-8E4B-3A481C187577}.DebugGame Editor|Win64.ActiveCfg = Development|Any CPU
		{219C978B-630F-3AD1-8E4B-3A481C187577}.DebugGame Editor|Win64.Build.0 = Development|Any CPU
		{219C978B-630F-3AD1-8E4B-3A481C187577}.DebugGame|Win64.ActiveCfg = Development|Any CPU
		{219C978B-630F-3AD1-8E4B-3A481C187577}.DebugGame|Win64.Build.0 = Development|Any CPU
		{219C978B-630F-3AD1-8E4B-3A481C187577}.Development Editor|Win64.ActiveCfg = Development|Any CPU
		{219C978B-630F-3AD1-8E4B-3A481C187577}.Development Editor|Win64.Build.0 = Development|Any CPU
		{219C978B-630F-3AD1-8E4B-3A481C187577}.Development|Win64.ActiveCfg = Development|Any CPU
		{219C978B-630F-3AD1-8E4B-3A481C187577}.Development|Win64.Build.0 = Development|Any CPU
		{219C978B-630F-3AD1-8E4B-3A481C187577}.Shipping|Win64.ActiveCfg = Development|Any CPU
		{219C978B-630F-3AD1-8E4B-3A481C187577}.Shipping|Win64.Build.0 = Development|Any CPU
		{60410AA4-6424-3BA0-9F69-6CBA51B247AE}.DebugGame Editor|Win64.ActiveCfg = Development|Any CPU
		{60410AA4-6424-3BA0-9F69-6CBA51B247AE}.DebugGame Editor|Win64.Build.0 = Development|Any CPU
		{60410AA4-6424-3BA0-9F69-6CBA51B247AE}.DebugGame|Win64.ActiveCfg = Development|Any CPU
		{60410AA4-6424-3BA0-9F69-6CBA51B247AE}.DebugGame|Win64.Build.0 = Development|Any CPU
		{60410AA4-6424-3BA0-9F69-6CBA51B247AE}.Development Editor|Win64.ActiveCfg = Development|Any CPU
		{60410AA4-6424-3BA0-9F69-6CBA51B247AE}.Development Editor|Win64.Build.0 = Development|Any CPU
		{60410AA4-6424-3BA0-9F69-6CBA51B247AE}.Development|Win64.ActiveCfg = Development|Any CPU
		{60410AA4-6424-3BA0-9F69-6CBA51B247AE}.Development|Win64.Build.0 = Development|Any CPU
		{60410AA4-6424-3BA0-9F69-6CBA51B247AE}.Shipping|Win64.ActiveCfg = Development|Any CPU
		{60410AA4-6424-3BA0-9F69-6CBA51B247AE}.Shipping|Win64.Build.0 = Development|Any CPU
		{B8C5F176-EEE7-3053-BA64-254BEED8EE38}.DebugGame Editor|Win64.ActiveCfg = Development|Any CPU
		{B8C5F176-EEE7-3053-BA64-254BEED8EE38}.DebugGame Editor|Win64.Build.0 = Development|Any CPU
		{B8C5F176-EEE7-3053-BA64-254BEED8EE38}.DebugGame|Win64.ActiveCfg = Development|Any CPU
		{B8C5F176-EEE7-3053-BA64-254BEED8EE38}.DebugGame|Win64.Build.0 = Development|Any CPU
		{B8C5F176-EEE7-3053-BA64-254BEED8EE38}.Development Editor|Win64.ActiveCfg = Development|Any CPU
		{B8C5F176-EEE7-3053-BA64-254BEED8EE38}.Development Editor|Win64.Build.0 = Development|Any CPU
		{B8C5F176-EEE7-3053-BA64-254BEED8EE38}.Development|Win64.ActiveCfg = Development|Any CPU
		{B8C5F176-EEE7-3053-BA64-254BEED8EE38}.Development|Win64.Build.0 = Development|Any CPU
		{B8C5F176-EEE7-3053-BA64-254BEED8EE38}.Shipping|Win64.ActiveCfg = Development|Any CPU
		{B8C5F176-EEE7-3053-BA64-254BEED8EE38}.Shipping|Win64.Build.0 = Development|Any CPU
		{90DCDBBD-1B71-3A6C-B3A6-248636B421E8}.DebugGame Editor|Win64.ActiveCfg = Development|Any CPU
		{90DCDBBD-1B71-3A6C-B3A6-248636B421E8}.DebugGame Editor|Win64.Build.0 = Development|Any CPU
		{90DCDBBD-1B71-3A6C-B3A6-248636B421E8}.DebugGame|Win64.ActiveCfg = Development|Any CPU
		{90DCDBBD-1B71-3A6C-B3A6-248636B421E8}.DebugGame|Win64.Build.0 = Development|Any CPU
		{90DCDBBD-1B71-3A6C-B3A6-248636B421E8}.Development Editor|Win64.ActiveCfg = Development|Any CPU
		{90DCDBBD-1B71-3A6C-B3A6-248636B421E8}.Development Editor|Win64.Build.0 = Development|Any CPU
		{90DCDBBD-1B71-3A6C-B3A6-248636B421E8}.Development|Win64.ActiveCfg = Development|Any CPU
		{90DCDBBD-1B71-3A6C-B3A6-248636B421E8}.Development|Win64.Build.0 = Development|Any CPU
		{90DCDBBD-1B71-3A6C-B3A6-248636B421E8}.Shipping|Win64.ActiveCfg = Development|Any CPU
		{90DCDBBD-1B71-3A6C-B3A6-248636B421E8}.Shipping|Win64.Build.0 = Development|Any CPU
		{8E987967-F3D5-3516-BAE8-6C1F6E75F550}.DebugGame Editor|Win64.ActiveCfg = Development|Any CPU
		{8E987967-F3D5-3516-BAE8-6C1F6E75F550}.DebugGame Editor|Win64.Build.0 = Development|Any CPU
		{8E987967-F3D5-3516-BAE8-6C1F6E75F550}.DebugGame|Win64.ActiveCfg = Development|Any CPU
		{8E987967-F3D5-3516-BAE8-6C1F6E75F550}.DebugGame|Win64.Build.0 = Development|Any CPU
		{8E987967-F3D5-3516-BAE8-6C1F6E75F550}.Development Editor|Win64.ActiveCfg = Development|Any CPU
		{8E987967-F3D5-3516-BAE8-6C1F6E75F550}.Development Editor|Win64.Build.0 = Development|Any CPU
		{8E987967-F3D5-3516-BAE8-6C1F6E75F550}.Development|Win64.ActiveCfg = Development|Any CPU
		{8E987967-F3D5-3516-BAE8-6C1F6E75F550}.Development|Win64.Build.0 = Development|Any CPU
		{8E987967-F3D5-3516-BAE8-6C1F6E75F550}.Shipping|Win64.ActiveCfg = Development|Any CPU
		{8E987967-F3D5-3516-BAE8-6C1F6E75F550}.Shipping|Win64.Build.0 = Development|Any CPU
		{76863BA6-1046-323C-859B-4565BE0AABC1}.DebugGame Editor|Win64.ActiveCfg = Development|Any CPU
		{76863BA6-1046-323C-859B-4565BE0AABC1}.DebugGame Editor|Win64.Build.0 = Development|Any CPU
		{76863BA6-1046-323C-859B-4565BE0AABC1}.DebugGame|Win64.ActiveCfg = Development|Any CPU
		{76863BA6-1046-323C-859B-4565BE0AABC1}.DebugGame|Win64.Build.0 = Development|Any CPU
		{76863BA6-1046-323C-859B-4565BE0AABC1}.Development Editor|Win64.ActiveCfg = Development|Any CPU
		{76863BA6-1046-323C-859B-4565BE0AABC1}.Development Editor|Win64.Build.0 = Development|Any CPU
		{76863BA6-1046-323C-859B-4565BE0AABC1}.Development|Win64.ActiveCfg = Development|Any CPU
		{76863BA6-1046-323C-859B-4565BE0AABC1}.Development|Win64.Build.0 = Development|Any CPU
		{76863BA6-1046-323C-859B-4565BE0AABC1}.Shipping|Win64.ActiveCfg = Development|Any CPU
		{76863BA6-1046-323C-859B-4565BE0AABC1}.Shipping|Win64.Build.0 = Development|Any CPU
	EndGlobalSection
	GlobalSection(SolutionProperties) = preSolution
		HideSolutionNode = FALSE
	EndGlobalSection
	GlobalSection(NestedProjects) = preSolution
		{A8DBFA92-71AC-3B46-A253-10D196F7A2DE} = {233774A8-CC9D-3FA9-86D1-90573E92B704}
		{F954B32D-81E0-3D8B-A02A-29E2BB57DC53} = {DE1F8B53-6C02-3C13-9101-A7C8D96F3FF6}
		{D7C6AF4A-A6F4-3795-B18A-174E55035588} = {A338B9E2-A559-34BE-A46D-F789DD488FAD}
		{EA62828C-E3A3-3535-892D-96D8DABB9BDD} = {A338B9E2-A559-34BE-A46D-F789DD488FAD}
		{0BFBE63A-B98A-3411-8EEB-8918FEC737B3} = {A338B9E2-A559-34BE-A46D-F789DD488FAD}
		{7B5CFB44-F0FB-31DF-AE62-C3C096A29A7B} = {A338B9E2-A559-34BE-A46D-F789DD488FAD}
		{57713676-9DBE-331C-AD10-26632AC9EE0C} = {A338B9E2-A559-34BE-A46D-F789DD488FAD}
		{DC67522A-1755-3F56-83FB-BBE46DF7E932} = {0BFBE63A-B98A-3411-8EEB-8918FEC737B3}
		{138AA80E-2D28-3D4A-A5F0-D731C9A2529C} = {0BFBE63A-B98A-3411-8EEB-8918FEC737B3}
		{46909BE1-1BF7-3367-BCCB-25A08BB29B7C} = {0BFBE63A-B98A-3411-8EEB-8918FEC737B3}
		{9E8DA7DF-84F0-341B-AE4E-3A004C448488} = {0BFBE63A-B98A-3411-8EEB-8918FEC737B3}
		{5E8A2716-DC4A-38A4-A4D3-6256FC68AF73} = {0BFBE63A-B98A-3411-8EEB-8918FEC737B3}
		{F4F415CC-D2C0-3B69-AE81-E823A8A9B602} = {0BFBE63A-B98A-3411-8EEB-8918FEC737B3}
		{4828EA86-54F4-333D-B83A-36D2D9E9EBD6} = {0BFBE63A-B98A-3411-8EEB-8918FEC737B3}
		{2F8B369D-AAB0-3803-A9A1-950BB81B6793} = {0BFBE63A-B98A-3411-8EEB-8918FEC737B3}
		{4A59297C-BF0C-3B8F-98BC-5FE1C2E67BE1} = {0BFBE63A-B98A-3411-8EEB-8918FEC737B3}
		{52C551E0-8A30-3569-AF50-DC2A3F3FBB8E} = {0BFBE63A-B98A-3411-8EEB-8918FEC737B3}
		{6DF73038-05ED-3D49-ACED-0800479BA51B} = {0BFBE63A-B98A-3411-8EEB-8918FEC737B3}
		{53F063B2-3E09-376E-8303-B93B267B93C3} = {0BFBE63A-B98A-3411-8EEB-8918FEC737B3}
		{4802BB12-B530-313B-A466-5BB7C03F028D} = {0BFBE63A-B98A-3411-8EEB-8918FEC737B3}
		{39C070E0-AB0C-3A46-82AA-38CDF1BD9364} = {0BFBE63A-B98A-3411-8EEB-8918FEC737B3}
		{BEB0882D-E8ED-38A5-9FD1-43747AD3ED0D} = {0BFBE63A-B98A-3411-8EEB-8918FEC737B3}
		{EB467226-822C-3071-A89C-62F26375DDFA} = {0BFBE63A-B98A-3411-8EEB-8918FEC737B3}
		{17AF3425-CB5B-3401-96F6-CC11D9936006} = {0BFBE63A-B98A-3411-8EEB-8918FEC737B3}
		{2D0219CA-0E87-3A32-A419-5004831B0934} = {0BFBE63A-B98A-3411-8EEB-8918FEC737B3}
		{BAD6C4C4-8C82-37E3-B158-52FBD5D90268} = {0BFBE63A-B98A-3411-8EEB-8918FEC737B3}
		{2C8C689A-094C-3200-B7C2-F49B4CF3DE3E} = {0BFBE63A-B98A-3411-8EEB-8918FEC737B3}
		{4DBE43F9-B5ED-3787-8373-4C1E948A8D72} = {7B5CFB44-F0FB-31DF-AE62-C3C096A29A7B}
		{A8B45447-A0DE-31A5-9445-5487FFC5EC86} = {57713676-9DBE-331C-AD10-26632AC9EE0C}
		{C3AC050D-58BB-3AD5-AD4F-25E73A291D55} = {57713676-9DBE-331C-AD10-26632AC9EE0C}
		{F469E83F-C9E9-3EDD-9728-FC0DD0649BB4} = {57713676-9DBE-331C-AD10-26632AC9EE0C}
		{67DCA8BA-9BF9-3A3E-8B74-8FBAA1F08101} = {57713676-9DBE-331C-AD10-26632AC9EE0C}
		{6D8CC547-6A25-3EC4-B204-FA465CE524B7} = {57713676-9DBE-331C-AD10-26632AC9EE0C}
		{369E94D1-BBA8-32A2-9AAC-85AC6A84A450} = {57713676-9DBE-331C-AD10-26632AC9EE0C}
		{E91134CC-286F-3726-AE8B-169B7DE695A7} = {57713676-9DBE-331C-AD10-26632AC9EE0C}
		{6C1B1F5B-A6D7-388C-BC10-C6A7DDACE317} = {57713676-9DBE-331C-AD10-26632AC9EE0C}
		{BD686C42-9D57-30AC-9735-DFCA2F29134F} = {57713676-9DBE-331C-AD10-26632AC9EE0C}
		{6C620421-5B90-39E4-9F6F-BD02577F3245} = {57713676-9DBE-331C-AD10-26632AC9EE0C}
		{3AF2E620-E3F1-3726-B064-3C667A83912D} = {57713676-9DBE-331C-AD10-26632AC9EE0C}
		{B0D07DDC-3286-3A0E-A57C-0FD1073F17E4} = {57713676-9DBE-331C-AD10-26632AC9EE0C}
		{CB863DFB-FC2C-3C4E-B03A-26BE5DBD0333} = {57713676-9DBE-331C-AD10-26632AC9EE0C}
		{676BB582-F7C9-3CD2-80F6-9B047FA66D5F} = {57713676-9DBE-331C-AD10-26632AC9EE0C}
		{10402A0E-C95D-3C41-9853-A7C81201FBF1} = {57713676-9DBE-331C-AD10-26632AC9EE0C}
		{C9F7CBC4-9806-3D4A-97E0-2ABB5B29097D} = {57713676-9DBE-331C-AD10-26632AC9EE0C}
		{286519D4-137B-37D9-B6DE-556026C4511B} = {57713676-9DBE-331C-AD10-26632AC9EE0C}
		{214D6E50-D113-3CD7-8A64-FB52BEE357C4} = {57713676-9DBE-331C-AD10-26632AC9EE0C}
		{219C978B-630F-3AD1-8E4B-3A481C187577} = {57713676-9DBE-331C-AD10-26632AC9EE0C}
		{60410AA4-6424-3BA0-9F69-6CBA51B247AE} = {57713676-9DBE-331C-AD10-26632AC9EE0C}
		{B8C5F176-EEE7-3053-BA64-254BEED8EE38} = {C2F57ECE-B26F-39D8-BDA7-C1D40BD8F180}
		{90DCDBBD-1B71-3A6C-B3A6-248636B421E8} = {C2F57ECE-B26F-39D8-BDA7-C1D40BD8F180}
		{8E987967-F3D5-3516-BAE8-6C1F6E75F550} = {C2F57ECE-B26F-39D8-BDA7-C1D40BD8F180}
		{76863BA6-1046-323C-859B-4565BE0AABC1} = {C2F57ECE-B26F-39D8-BDA7-C1D40BD8F180}
	EndGlobalSection
EndGlobal
